
Microsoft Visual Studio Solution File, Format Version 12.00
# Visual Studio Version 16
VisualStudioVersion = 16.0.29613.14
MinimumVisualStudioVersion = 10.0.40219.1
Project("{9A19103F-16F7-4668-BE54-9A1E7A4F7556}") = "HAMLConverter", "HAMLConverter.csproj", "{0E125250-D8A2-4282-A56D-9A08868B28AD}"
EndProject
Global
	GlobalSection(SolutionConfigurationPlatforms) = preSolution
		Debug|Any CPU = Debug|Any CPU
		Release|Any CPU = Release|Any CPU
	EndGlobalSection
	GlobalSection(ProjectConfigurationPlatforms) = postSolution
		{0E125250-D8A2-4282-A56D-9A08868B28AD}.Debug|Any CPU.ActiveCfg = Debug|Any CPU
		{0E125250-D8A2-4282-A56D-9A08868B28AD}.Debug|Any CPU.Build.0 = Debug|Any CPU
		{0E125250-D8A2-4282-A56D-9A08868B28AD}.Release|Any CPU.ActiveCfg = Release|Any CPU
		{0E125250-D8A2-4282-A56D-9A08868B28AD}.Release|Any CPU.Build.0 = Release|Any CPU
	EndGlobalSection
	GlobalSection(SolutionProperties) = preSolution
		HideSolutionNode = FALSE
	EndGlobalSection
	GlobalSection(ExtensibilityGlobals) = postSolution
		SolutionGuid = {C734F48C-5D4C-4F27-8C3B-B5B03A3B5B1F}
	EndGlobalSection
EndGlobal
